github.com/gocarina/gocsv v0.0.0-20230513223533-9ddd7fd60602 h1:HSpPf+lPYwzoJNup34uegmOQk5Qm83S+wpu8anTDJkg=
github.com/gocarina/gocsv v0.0.0-20230513223533-9ddd7fd60602/go.mod h1:5YoVOkjYAQumqlV356Hj3xeYh4BdZuLE0/nRkf2NKkI=
golang.org/x/exp v0.0.0-20230522175609-2e198f4a06a1 h1:k/i9J1pBpvlfR+9QsetwPyERsqu1GIbi967PQMq3Ivc=
golang.org/x/exp v0.0.0-20230522175609-2e198f4a06a1/go.mod h1:V1LtkGg67GoY2N1AnLN78QLrzxkLyJw7RJb1gzOOz9w=
